
Microsoft Visual Studio Solution File, Format Version 12.00
# Visual Studio Version 16
VisualStudioVersion = 16.0.29215.179
MinimumVisualStudioVersion = 10.0.40219.1
Project("{9A19103F-16F7-4668-BE54-9A1E7A4F7556}") = "DndMonsterStatsGenerator", "DndMonsterStatsGenerator\DndMonsterStatsGenerator.csproj", "{5805D741-7CC6-4E89-9590-43D28891C56E}"
EndProject
Project("{FAE04EC0-301F-11D3-BF4B-00C04F79EFBC}") = "DndMonsterStatsGenerator.Tests", "DndMonsterStatsGenerator.Tests\DndMonsterStatsGenerator.Tests.csproj", "{D416BD7E-7E65-417C-B36D-B01756985C5B}"
EndProject
Global
	GlobalSection(SolutionConfigurationPlatforms) = preSolution
		Debug|Any CPU = Debug|Any CPU
		Release|Any CPU = Release|Any CPU
	EndGlobalSection
	GlobalSection(ProjectConfigurationPlatforms) = postSolution
		{5805D741-7CC6-4E89-9590-43D28891C56E}.Debug|Any CPU.ActiveCfg = Debug|Any CPU
		{5805D741-7CC6-4E89-9590-43D28891C56E}.Debug|Any CPU.Build.0 = Debug|Any CPU
		{5805D741-7CC6-4E89-9590-43D28891C56E}.Release|Any CPU.ActiveCfg = Release|Any CPU
		{5805D741-7CC6-4E89-9590-43D28891C56E}.Release|Any CPU.Build.0 = Release|Any CPU
		{D416BD7E-7E65-417C-B36D-B01756985C5B}.Debug|Any CPU.ActiveCfg = Debug|Any CPU
		{D416BD7E-7E65-417C-B36D-B01756985C5B}.Debug|Any CPU.Build.0 = Debug|Any CPU
		{D416BD7E-7E65-417C-B36D-B01756985C5B}.Release|Any CPU.ActiveCfg = Release|Any CPU
		{D416BD7E-7E65-417C-B36D-B01756985C5B}.Release|Any CPU.Build.0 = Release|Any CPU
	EndGlobalSection
	GlobalSection(SolutionProperties) = preSolution
		HideSolutionNode = FALSE
	EndGlobalSection
	GlobalSection(ExtensibilityGlobals) = postSolution
		SolutionGuid = {E979C4DE-33B6-4C30-A18A-0583452348D4}
	EndGlobalSection
EndGlobal
